
Microsoft Visual Studio Solution File, Format Version 12.00
# Visual Studio Version 16
VisualStudioVersion = 16.0.31105.61
MinimumVisualStudioVersion = 10.0.40219.1
Project("{9A19103F-16F7-4668-BE54-9A1E7A4F7556}") = "testOverride", "testOverride.csproj", "{0DF6BDBE-61C9-4DC1-8C23-696640AB7138}"
EndProject
Global
	GlobalSection(SolutionConfigurationPlatforms) = preSolution
		Debug|Any CPU = Debug|Any CPU
		Release|Any CPU = Release|Any CPU
	EndGlobalSection
	GlobalSection(ProjectConfigurationPlatforms) = postSolution
		{0DF6BDBE-61C9-4DC1-8C23-696640AB7138}.Debug|Any CPU.ActiveCfg = Debug|Any CPU
		{0DF6BDBE-61C9-4DC1-8C23-696640AB7138}.Debug|Any CPU.Build.0 = Debug|Any CPU
		{0DF6BDBE-61C9-4DC1-8C23-696640AB7138}.Release|Any CPU.ActiveCfg = Release|Any CPU
		{0DF6BDBE-61C9-4DC1-8C23-696640AB7138}.Release|Any CPU.Build.0 = Release|Any CPU
	EndGlobalSection
	GlobalSection(SolutionProperties) = preSolution
		HideSolutionNode = FALSE
	EndGlobalSection
	GlobalSection(ExtensibilityGlobals) = postSolution
		SolutionGuid = {8DCE3460-8CA0-4C93-B924-2F8CB999896E}
	EndGlobalSection
EndGlobal
